// !$*UTF8*$!
{
	archiveVersion = 1;
	classes = {
	};
	objectVersion = 46;
	objects = {

/* Begin PBXBuildFile section */
		05EECA73F0B8CC8BC7AD583C /* Pods_serieztv.framework in Frameworks */ = {isa = PBXBuildFile; fileRef = 66F01FC6BD41EFEC9AB72116 /* Pods_serieztv.framework */; };
		17697C871E1C1C8600B128EB /* StarManager.swift in Sources */ = {isa = PBXBuildFile; fileRef = 17697C861E1C1C8600B128EB /* StarManager.swift */; };
		17697C891E1C1CAC00B128EB /* GenreManager.swift in Sources */ = {isa = PBXBuildFile; fileRef = 17697C881E1C1CAC00B128EB /* GenreManager.swift */; };
		17697C8B1E1C2E9E00B128EB /* SearchManager.swift in Sources */ = {isa = PBXBuildFile; fileRef = 17697C8A1E1C2E9E00B128EB /* SearchManager.swift */; };
		7600812A1E5F48EC00BA6B77 /* ListManager.swift in Sources */ = {isa = PBXBuildFile; fileRef = 760081291E5F48EC00BA6B77 /* ListManager.swift */; };
		7600812C1E5F48FB00BA6B77 /* RatingManager.swift in Sources */ = {isa = PBXBuildFile; fileRef = 7600812B1E5F48FB00BA6B77 /* RatingManager.swift */; };
		7600812E1E636D7F00BA6B77 /* Rating.swift in Sources */ = {isa = PBXBuildFile; fileRef = 7600812D1E636D7F00BA6B77 /* Rating.swift */; };
		760081301E636D9C00BA6B77 /* Userlist.swift in Sources */ = {isa = PBXBuildFile; fileRef = 7600812F1E636D9C00BA6B77 /* Userlist.swift */; };
		760081321E647E4300BA6B77 /* STWatchlistTableViewController.swift in Sources */ = {isa = PBXBuildFile; fileRef = 760081311E647E4300BA6B77 /* STWatchlistTableViewController.swift */; };
		760081341E64914800BA6B77 /* STWatchlistTableViewCell.swift in Sources */ = {isa = PBXBuildFile; fileRef = 760081331E64914800BA6B77 /* STWatchlistTableViewCell.swift */; };
		760081361E64BCBB00BA6B77 /* STAddListView.swift in Sources */ = {isa = PBXBuildFile; fileRef = 760081351E64BCBB00BA6B77 /* STAddListView.swift */; };
		760325BF1DFD7B300015113D /* STMainView.swift in Sources */ = {isa = PBXBuildFile; fileRef = 760325BE1DFD7B300015113D /* STMainView.swift */; };
		760325C11DFD7B460015113D /* STMainViewController.swift in Sources */ = {isa = PBXBuildFile; fileRef = 760325C01DFD7B460015113D /* STMainViewController.swift */; };
		760325C41DFDD3D20015113D /* User.swift in Sources */ = {isa = PBXBuildFile; fileRef = 760325C31DFDD3D20015113D /* User.swift */; };
		760325C61DFDD3DB0015113D /* Movie.swift in Sources */ = {isa = PBXBuildFile; fileRef = 760325C51DFDD3DB0015113D /* Movie.swift */; };
		760325C81DFDD3E70015113D /* Series.swift in Sources */ = {isa = PBXBuildFile; fileRef = 760325C71DFDD3E70015113D /* Series.swift */; };
		760325CA1DFDD3F50015113D /* Season.swift in Sources */ = {isa = PBXBuildFile; fileRef = 760325C91DFDD3F50015113D /* Season.swift */; };
		760325CC1DFDD4030015113D /* Episode.swift in Sources */ = {isa = PBXBuildFile; fileRef = 760325CB1DFDD4030015113D /* Episode.swift */; };
		760325CE1DFDD4200015113D /* Crew.swift in Sources */ = {isa = PBXBuildFile; fileRef = 760325CD1DFDD4200015113D /* Crew.swift */; };
		760325D01DFDD4290015113D /* Star.swift in Sources */ = {isa = PBXBuildFile; fileRef = 760325CF1DFDD4290015113D /* Star.swift */; };
		760325D21DFDD4330015113D /* Character.swift in Sources */ = {isa = PBXBuildFile; fileRef = 760325D11DFDD4330015113D /* Character.swift */; };
		760325D41DFDD44C0015113D /* Genre.swift in Sources */ = {isa = PBXBuildFile; fileRef = 760325D31DFDD44C0015113D /* Genre.swift */; };
		760325D61DFDD4530015113D /* Comment.swift in Sources */ = {isa = PBXBuildFile; fileRef = 760325D51DFDD4530015113D /* Comment.swift */; };
		760767CD1ED6062D0002123A /* STCalendarView.swift in Sources */ = {isa = PBXBuildFile; fileRef = 760767CC1ED6062D0002123A /* STCalendarView.swift */; };
		760CE9C71E15A86500E7A2DC /* STGenreCollectionViewCell.swift in Sources */ = {isa = PBXBuildFile; fileRef = 760CE9C61E15A86500E7A2DC /* STGenreCollectionViewCell.swift */; };
		760CE9C91E15CC8200E7A2DC /* STProfileTableViewCell.swift in Sources */ = {isa = PBXBuildFile; fileRef = 760CE9C81E15CC8200E7A2DC /* STProfileTableViewCell.swift */; };
		7614FBD31E1A976200800744 /* SeriesManager.swift in Sources */ = {isa = PBXBuildFile; fileRef = 7614FBD21E1A976200800744 /* SeriesManager.swift */; };
		761F07371E165EF700862BAC /* STDetailInformationCollectionViewCell.swift in Sources */ = {isa = PBXBuildFile; fileRef = 761F07361E165EF700862BAC /* STDetailInformationCollectionViewCell.swift */; };
		761F07391E165F1000862BAC /* STDetailCastCollectionViewCell.swift in Sources */ = {isa = PBXBuildFile; fileRef = 761F07381E165F1000862BAC /* STDetailCastCollectionViewCell.swift */; };
		761F073B1E168BA100862BAC /* STStarCollectionViewCell.swift in Sources */ = {isa = PBXBuildFile; fileRef = 761F073A1E168BA100862BAC /* STStarCollectionViewCell.swift */; };
		7625FAC71E17A7C9000FEFCC /* STTopDetailCollectionViewCell.swift in Sources */ = {isa = PBXBuildFile; fileRef = 7625FAC61E17A7C9000FEFCC /* STTopDetailCollectionViewCell.swift */; };
		7625FAC91E17B520000FEFCC /* STSearchViewController.swift in Sources */ = {isa = PBXBuildFile; fileRef = 7625FAC81E17B520000FEFCC /* STSearchViewController.swift */; };
		7625FACB1E17E52E000FEFCC /* STSearchResultTableViewCell.swift in Sources */ = {isa = PBXBuildFile; fileRef = 7625FACA1E17E52E000FEFCC /* STSearchResultTableViewCell.swift */; };
		7625FACD1E1822CE000FEFCC /* STAboutView.swift in Sources */ = {isa = PBXBuildFile; fileRef = 7625FACC1E1822CE000FEFCC /* STAboutView.swift */; };
		7625FACF1E1822E8000FEFCC /* STChangePasswordView.swift in Sources */ = {isa = PBXBuildFile; fileRef = 7625FACE1E1822E8000FEFCC /* STChangePasswordView.swift */; };
		7625FAD11E182BBB000FEFCC /* STAboutViewController.swift in Sources */ = {isa = PBXBuildFile; fileRef = 7625FAD01E182BBB000FEFCC /* STAboutViewController.swift */; };
		7625FAD31E182F5C000FEFCC /* STChangePasswordViewController.swift in Sources */ = {isa = PBXBuildFile; fileRef = 7625FAD21E182F5C000FEFCC /* STChangePasswordViewController.swift */; };
		7625FAD51E187824000FEFCC /* STCrewListTableViewController.swift in Sources */ = {isa = PBXBuildFile; fileRef = 7625FAD41E187824000FEFCC /* STCrewListTableViewController.swift */; };
		7625FAD71E187854000FEFCC /* STCrewCategoryDetailTableViewController.swift in Sources */ = {isa = PBXBuildFile; fileRef = 7625FAD61E187854000FEFCC /* STCrewCategoryDetailTableViewController.swift */; };
		7625FAD91E187884000FEFCC /* STCrewDetailView.swift in Sources */ = {isa = PBXBuildFile; fileRef = 7625FAD81E187884000FEFCC /* STCrewDetailView.swift */; };
		762E92371E12B34500916ADB /* STHomeDetailCell.swift in Sources */ = {isa = PBXBuildFile; fileRef = 762E92361E12B34500916ADB /* STHomeDetailCell.swift */; };
		762E923B1E12C8B700916ADB /* STDetailViewController.swift in Sources */ = {isa = PBXBuildFile; fileRef = 762E923A1E12C8B700916ADB /* STDetailViewController.swift */; };
		762E923D1E12F43400916ADB /* STStarDetailTopViewCell.swift in Sources */ = {isa = PBXBuildFile; fileRef = 762E923C1E12F43400916ADB /* STStarDetailTopViewCell.swift */; };
		764BDF001E1402CA0095B4F4 /* STHomeTabBarViewController.swift in Sources */ = {isa = PBXBuildFile; fileRef = 764BDEFF1E1402CA0095B4F4 /* STHomeTabBarViewController.swift */; };
		764BDF021E1409580095B4F4 /* STProfileViewController.swift in Sources */ = {isa = PBXBuildFile; fileRef = 764BDF011E1409580095B4F4 /* STProfileViewController.swift */; };
		764BDF041E1410C80095B4F4 /* STProfileView.swift in Sources */ = {isa = PBXBuildFile; fileRef = 764BDF031E1410C80095B4F4 /* STProfileView.swift */; };
		7659CB8E1E005628005D70EC /* STHomeCollectionViewController.swift in Sources */ = {isa = PBXBuildFile; fileRef = 7659CB8D1E005628005D70EC /* STHomeCollectionViewController.swift */; };
		7659CB901E00564E005D70EC /* STHomeCollectionViewCell.swift in Sources */ = {isa = PBXBuildFile; fileRef = 7659CB8F1E00564E005D70EC /* STHomeCollectionViewCell.swift */; };
		765ED3671E815968004101A7 /* STWatchlistDetailTableViewController.swift in Sources */ = {isa = PBXBuildFile; fileRef = 765ED3661E815968004101A7 /* STWatchlistDetailTableViewController.swift */; };
		7661EC5B1ED4CBFC00563EFF /* CalendarCell.swift in Sources */ = {isa = PBXBuildFile; fileRef = 7661EC5A1ED4CBFC00563EFF /* CalendarCell.swift */; };
		766F1FDD1E1A7084000918B8 /* MovieManager.swift in Sources */ = {isa = PBXBuildFile; fileRef = 766F1FDC1E1A7084000918B8 /* MovieManager.swift */; };
		76784B6E1DEE2BA4006E8E9D /* STTextField.swift in Sources */ = {isa = PBXBuildFile; fileRef = 76784B6D1DEE2BA4006E8E9D /* STTextField.swift */; };
		76795CBD1ECB4FD700E5DB4E /* STSettingsTableViewController.swift in Sources */ = {isa = PBXBuildFile; fileRef = 76795CBC1ECB4FD700E5DB4E /* STSettingsTableViewController.swift */; };
		76795CBF1ECB501B00E5DB4E /* STCalendarViewController.swift in Sources */ = {isa = PBXBuildFile; fileRef = 76795CBE1ECB501B00E5DB4E /* STCalendarViewController.swift */; };
		76A552B11E8AA4950057C9A0 /* SwiftyStarRatingView.swift in Sources */ = {isa = PBXBuildFile; fileRef = 76A552B01E8AA4950057C9A0 /* SwiftyStarRatingView.swift */; };
		76ACC1D61E0289AC00E21D19 /* AuthManager.swift in Sources */ = {isa = PBXBuildFile; fileRef = 76ACC1D51E0289AC00E21D19 /* AuthManager.swift */; };
		76B767441DEAF56E0070E62F /* STAppDelegate.swift in Sources */ = {isa = PBXBuildFile; fileRef = 76B767431DEAF56E0070E62F /* STAppDelegate.swift */; };
		76B7674B1DEAF56E0070E62F /* Assets.xcassets in Resources */ = {isa = PBXBuildFile; fileRef = 76B7674A1DEAF56E0070E62F /* Assets.xcassets */; };
		76B7674E1DEAF56E0070E62F /* LaunchScreen.storyboard in Resources */ = {isa = PBXBuildFile; fileRef = 76B7674C1DEAF56E0070E62F /* LaunchScreen.storyboard */; };
		76B767591DEAF56E0070E62F /* serieztvTests.swift in Sources */ = {isa = PBXBuildFile; fileRef = 76B767581DEAF56E0070E62F /* serieztvTests.swift */; };
		76B767641DEAF56E0070E62F /* serieztvUITests.swift in Sources */ = {isa = PBXBuildFile; fileRef = 76B767631DEAF56E0070E62F /* serieztvUITests.swift */; };
		76B767751DEAFA6F0070E62F /* STLoginViewController.swift in Sources */ = {isa = PBXBuildFile; fileRef = 76B767741DEAFA6F0070E62F /* STLoginViewController.swift */; };
		76B767771DEAFA7C0070E62F /* STLoginView.swift in Sources */ = {isa = PBXBuildFile; fileRef = 76B767761DEAFA7C0070E62F /* STLoginView.swift */; };
		76B767791DEAFCD50070E62F /* STRegisterView.swift in Sources */ = {isa = PBXBuildFile; fileRef = 76B767781DEAFCD50070E62F /* STRegisterView.swift */; };
		76B7677B1DEAFCF00070E62F /* STRegisterViewController.swift in Sources */ = {isa = PBXBuildFile; fileRef = 76B7677A1DEAFCF00070E62F /* STRegisterViewController.swift */; };
		76C55BED1E192C6D00EC0706 /* STStarDetailViewController.swift in Sources */ = {isa = PBXBuildFile; fileRef = 76C55BEC1E192C6D00EC0706 /* STStarDetailViewController.swift */; };
		76C55BF01E19673D00EC0706 /* STStarDetailMediaCollectionViewCell.swift in Sources */ = {isa = PBXBuildFile; fileRef = 76C55BEF1E19673D00EC0706 /* STStarDetailMediaCollectionViewCell.swift */; };
		76D37F2E1EBF426500D69288 /* FeedCollectionViewController.swift in Sources */ = {isa = PBXBuildFile; fileRef = 76D37F2D1EBF426500D69288 /* FeedCollectionViewController.swift */; };
		76D37F301EC2623C00D69288 /* STFollowDetailTableViewController.swift in Sources */ = {isa = PBXBuildFile; fileRef = 76D37F2F1EC2623C00D69288 /* STFollowDetailTableViewController.swift */; };
		76DCD7E51E1C16EE004FE258 /* STSeasonView.swift in Sources */ = {isa = PBXBuildFile; fileRef = 76DCD7E41E1C16EE004FE258 /* STSeasonView.swift */; };
		76DCD7E71E1C189D004FE258 /* STSeasonViewController.swift in Sources */ = {isa = PBXBuildFile; fileRef = 76DCD7E61E1C189D004FE258 /* STSeasonViewController.swift */; };
		76DCD7EB1E1C1F2F004FE258 /* STSeasonTableViewCell.swift in Sources */ = {isa = PBXBuildFile; fileRef = 76DCD7EA1E1C1F2F004FE258 /* STSeasonTableViewCell.swift */; };
		76DCD7ED1E1C2367004FE258 /* STEpisodesViewController.swift in Sources */ = {isa = PBXBuildFile; fileRef = 76DCD7EC1E1C2367004FE258 /* STEpisodesViewController.swift */; };
		76DCD7EF1E1C276E004FE258 /* STEpisodeTableViewCell.swift in Sources */ = {isa = PBXBuildFile; fileRef = 76DCD7EE1E1C276E004FE258 /* STEpisodeTableViewCell.swift */; };
		76DCD7F11E1C27BA004FE258 /* STEpisodesView.swift in Sources */ = {isa = PBXBuildFile; fileRef = 76DCD7F01E1C27BA004FE258 /* STEpisodesView.swift */; };
		76DCD7F31E1C2F9F004FE258 /* STGenreTableViewController.swift in Sources */ = {isa = PBXBuildFile; fileRef = 76DCD7F21E1C2F9F004FE258 /* STGenreTableViewController.swift */; };
/* End PBXBuildFile section */

/* Begin PBXContainerItemProxy section */
		76B767551DEAF56E0070E62F /* PBXContainerItemProxy */ = {
			isa = PBXContainerItemProxy;
			containerPortal = 76B767381DEAF56E0070E62F /* Project object */;
			proxyType = 1;
			remoteGlobalIDString = 76B7673F1DEAF56E0070E62F;
			remoteInfo = serieztv;
		};
		76B767601DEAF56E0070E62F /* PBXContainerItemProxy */ = {
			isa = PBXContainerItemProxy;
			containerPortal = 76B767381DEAF56E0070E62F /* Project object */;
			proxyType = 1;
			remoteGlobalIDString = 76B7673F1DEAF56E0070E62F;
			remoteInfo = serieztv;
		};
/* End PBXContainerItemProxy section */

/* Begin PBXFileReference section */
		17697C861E1C1C8600B128EB /* StarManager.swift */ = {isa = PBXFileReference; fileEncoding = 4; lastKnownFileType = sourcecode.swift; path = StarManager.swift; sourceTree = "<group>"; };
		17697C881E1C1CAC00B128EB /* GenreManager.swift */ = {isa = PBXFileReference; fileEncoding = 4; lastKnownFileType = sourcecode.swift; path = GenreManager.swift; sourceTree = "<group>"; };
		17697C8A1E1C2E9E00B128EB /* SearchManager.swift */ = {isa = PBXFileReference; fileEncoding = 4; lastKnownFileType = sourcecode.swift; path = SearchManager.swift; sourceTree = "<group>"; };
		66F01FC6BD41EFEC9AB72116 /* Pods_serieztv.framework */ = {isa = PBXFileReference; explicitFileType = wrapper.framework; includeInIndex = 0; path = Pods_serieztv.framework; sourceTree = BUILT_PRODUCTS_DIR; };
		760081291E5F48EC00BA6B77 /* ListManager.swift */ = {isa = PBXFileReference; fileEncoding = 4; lastKnownFileType = sourcecode.swift; path = ListManager.swift; sourceTree = "<group>"; };
		7600812B1E5F48FB00BA6B77 /* RatingManager.swift */ = {isa = PBXFileReference; fileEncoding = 4; lastKnownFileType = sourcecode.swift; path = RatingManager.swift; sourceTree = "<group>"; };
		7600812D1E636D7F00BA6B77 /* Rating.swift */ = {isa = PBXFileReference; fileEncoding = 4; lastKnownFileType = sourcecode.swift; path = Rating.swift; sourceTree = "<group>"; };
		7600812F1E636D9C00BA6B77 /* Userlist.swift */ = {isa = PBXFileReference; fileEncoding = 4; lastKnownFileType = sourcecode.swift; path = Userlist.swift; sourceTree = "<group>"; };
		760081311E647E4300BA6B77 /* STWatchlistTableViewController.swift */ = {isa = PBXFileReference; fileEncoding = 4; lastKnownFileType = sourcecode.swift; path = STWatchlistTableViewController.swift; sourceTree = "<group>"; };
		760081331E64914800BA6B77 /* STWatchlistTableViewCell.swift */ = {isa = PBXFileReference; fileEncoding = 4; lastKnownFileType = sourcecode.swift; path = STWatchlistTableViewCell.swift; sourceTree = "<group>"; };
		760081351E64BCBB00BA6B77 /* STAddListView.swift */ = {isa = PBXFileReference; fileEncoding = 4; lastKnownFileType = sourcecode.swift; path = STAddListView.swift; sourceTree = "<group>"; };
		760325BE1DFD7B300015113D /* STMainView.swift */ = {isa = PBXFileReference; fileEncoding = 4; lastKnownFileType = sourcecode.swift; path = STMainView.swift; sourceTree = "<group>"; };
		760325C01DFD7B460015113D /* STMainViewController.swift */ = {isa = PBXFileReference; fileEncoding = 4; lastKnownFileType = sourcecode.swift; path = STMainViewController.swift; sourceTree = "<group>"; };
		760325C31DFDD3D20015113D /* User.swift */ = {isa = PBXFileReference; fileEncoding = 4; lastKnownFileType = sourcecode.swift; path = User.swift; sourceTree = "<group>"; };
		760325C51DFDD3DB0015113D /* Movie.swift */ = {isa = PBXFileReference; fileEncoding = 4; lastKnownFileType = sourcecode.swift; path = Movie.swift; sourceTree = "<group>"; };
		760325C71DFDD3E70015113D /* Series.swift */ = {isa = PBXFileReference; fileEncoding = 4; lastKnownFileType = sourcecode.swift; path = Series.swift; sourceTree = "<group>"; };
		760325C91DFDD3F50015113D /* Season.swift */ = {isa = PBXFileReference; fileEncoding = 4; lastKnownFileType = sourcecode.swift; path = Season.swift; sourceTree = "<group>"; };
		760325CB1DFDD4030015113D /* Episode.swift */ = {isa = PBXFileReference; fileEncoding = 4; lastKnownFileType = sourcecode.swift; path = Episode.swift; sourceTree = "<group>"; };
		760325CD1DFDD4200015113D /* Crew.swift */ = {isa = PBXFileReference; fileEncoding = 4; lastKnownFileType = sourcecode.swift; path = Crew.swift; sourceTree = "<group>"; };
		760325CF1DFDD4290015113D /* Star.swift */ = {isa = PBXFileReference; fileEncoding = 4; lastKnownFileType = sourcecode.swift; path = Star.swift; sourceTree = "<group>"; };
		760325D11DFDD4330015113D /* Character.swift */ = {isa = PBXFileReference; fileEncoding = 4; lastKnownFileType = sourcecode.swift; path = Character.swift; sourceTree = "<group>"; };
		760325D31DFDD44C0015113D /* Genre.swift */ = {isa = PBXFileReference; fileEncoding = 4; lastKnownFileType = sourcecode.swift; path = Genre.swift; sourceTree = "<group>"; };
		760325D51DFDD4530015113D /* Comment.swift */ = {isa = PBXFileReference; fileEncoding = 4; lastKnownFileType = sourcecode.swift; path = Comment.swift; sourceTree = "<group>"; };
		760767CC1ED6062D0002123A /* STCalendarView.swift */ = {isa = PBXFileReference; fileEncoding = 4; lastKnownFileType = sourcecode.swift; path = STCalendarView.swift; sourceTree = "<group>"; };
		760CE9C61E15A86500E7A2DC /* STGenreCollectionViewCell.swift */ = {isa = PBXFileReference; fileEncoding = 4; lastKnownFileType = sourcecode.swift; path = STGenreCollectionViewCell.swift; sourceTree = "<group>"; };
		760CE9C81E15CC8200E7A2DC /* STProfileTableViewCell.swift */ = {isa = PBXFileReference; fileEncoding = 4; lastKnownFileType = sourcecode.swift; path = STProfileTableViewCell.swift; sourceTree = "<group>"; };
		7614FBD21E1A976200800744 /* SeriesManager.swift */ = {isa = PBXFileReference; fileEncoding = 4; lastKnownFileType = sourcecode.swift; path = SeriesManager.swift; sourceTree = "<group>"; };
		761F07361E165EF700862BAC /* STDetailInformationCollectionViewCell.swift */ = {isa = PBXFileReference; fileEncoding = 4; lastKnownFileType = sourcecode.swift; path = STDetailInformationCollectionViewCell.swift; sourceTree = "<group>"; };
		761F07381E165F1000862BAC /* STDetailCastCollectionViewCell.swift */ = {isa = PBXFileReference; fileEncoding = 4; lastKnownFileType = sourcecode.swift; path = STDetailCastCollectionViewCell.swift; sourceTree = "<group>"; };
		761F073A1E168BA100862BAC /* STStarCollectionViewCell.swift */ = {isa = PBXFileReference; fileEncoding = 4; lastKnownFileType = sourcecode.swift; path = STStarCollectionViewCell.swift; sourceTree = "<group>"; };
		7625FAC61E17A7C9000FEFCC /* STTopDetailCollectionViewCell.swift */ = {isa = PBXFileReference; fileEncoding = 4; lastKnownFileType = sourcecode.swift; path = STTopDetailCollectionViewCell.swift; sourceTree = "<group>"; };
		7625FAC81E17B520000FEFCC /* STSearchViewController.swift */ = {isa = PBXFileReference; fileEncoding = 4; lastKnownFileType = sourcecode.swift; path = STSearchViewController.swift; sourceTree = "<group>"; };
		7625FACA1E17E52E000FEFCC /* STSearchResultTableViewCell.swift */ = {isa = PBXFileReference; fileEncoding = 4; lastKnownFileType = sourcecode.swift; path = STSearchResultTableViewCell.swift; sourceTree = "<group>"; };
		7625FACC1E1822CE000FEFCC /* STAboutView.swift */ = {isa = PBXFileReference; fileEncoding = 4; lastKnownFileType = sourcecode.swift; path = STAboutView.swift; sourceTree = "<group>"; };
		7625FACE1E1822E8000FEFCC /* STChangePasswordView.swift */ = {isa = PBXFileReference; fileEncoding = 4; lastKnownFileType = sourcecode.swift; path = STChangePasswordView.swift; sourceTree = "<group>"; };
		7625FAD01E182BBB000FEFCC /* STAboutViewController.swift */ = {isa = PBXFileReference; fileEncoding = 4; lastKnownFileType = sourcecode.swift; path = STAboutViewController.swift; sourceTree = "<group>"; };
		7625FAD21E182F5C000FEFCC /* STChangePasswordViewController.swift */ = {isa = PBXFileReference; fileEncoding = 4; lastKnownFileType = sourcecode.swift; path = STChangePasswordViewController.swift; sourceTree = "<group>"; };
		7625FAD41E187824000FEFCC /* STCrewListTableViewController.swift */ = {isa = PBXFileReference; fileEncoding = 4; lastKnownFileType = sourcecode.swift; path = STCrewListTableViewController.swift; sourceTree = "<group>"; };
		7625FAD61E187854000FEFCC /* STCrewCategoryDetailTableViewController.swift */ = {isa = PBXFileReference; fileEncoding = 4; lastKnownFileType = sourcecode.swift; path = STCrewCategoryDetailTableViewController.swift; sourceTree = "<group>"; };
		7625FAD81E187884000FEFCC /* STCrewDetailView.swift */ = {isa = PBXFileReference; fileEncoding = 4; lastKnownFileType = sourcecode.swift; path = STCrewDetailView.swift; sourceTree = "<group>"; };
		762E92361E12B34500916ADB /* STHomeDetailCell.swift */ = {isa = PBXFileReference; fileEncoding = 4; lastKnownFileType = sourcecode.swift; path = STHomeDetailCell.swift; sourceTree = "<group>"; };
		762E923A1E12C8B700916ADB /* STDetailViewController.swift */ = {isa = PBXFileReference; fileEncoding = 4; lastKnownFileType = sourcecode.swift; path = STDetailViewController.swift; sourceTree = "<group>"; };
		762E923C1E12F43400916ADB /* STStarDetailTopViewCell.swift */ = {isa = PBXFileReference; fileEncoding = 4; lastKnownFileType = sourcecode.swift; path = STStarDetailTopViewCell.swift; sourceTree = "<group>"; };
		764BDEFF1E1402CA0095B4F4 /* STHomeTabBarViewController.swift */ = {isa = PBXFileReference; fileEncoding = 4; lastKnownFileType = sourcecode.swift; path = STHomeTabBarViewController.swift; sourceTree = "<group>"; };
		764BDF011E1409580095B4F4 /* STProfileViewController.swift */ = {isa = PBXFileReference; fileEncoding = 4; lastKnownFileType = sourcecode.swift; path = STProfileViewController.swift; sourceTree = "<group>"; };
		764BDF031E1410C80095B4F4 /* STProfileView.swift */ = {isa = PBXFileReference; fileEncoding = 4; lastKnownFileType = sourcecode.swift; path = STProfileView.swift; sourceTree = "<group>"; };
		7659CB8D1E005628005D70EC /* STHomeCollectionViewController.swift */ = {isa = PBXFileReference; fileEncoding = 4; lastKnownFileType = sourcecode.swift; path = STHomeCollectionViewController.swift; sourceTree = "<group>"; };
		7659CB8F1E00564E005D70EC /* STHomeCollectionViewCell.swift */ = {isa = PBXFileReference; fileEncoding = 4; lastKnownFileType = sourcecode.swift; path = STHomeCollectionViewCell.swift; sourceTree = "<group>"; };
		765ED3661E815968004101A7 /* STWatchlistDetailTableViewController.swift */ = {isa = PBXFileReference; fileEncoding = 4; lastKnownFileType = sourcecode.swift; path = STWatchlistDetailTableViewController.swift; sourceTree = "<group>"; };
		7661EC5A1ED4CBFC00563EFF /* CalendarCell.swift */ = {isa = PBXFileReference; fileEncoding = 4; lastKnownFileType = sourcecode.swift; path = CalendarCell.swift; sourceTree = "<group>"; };
		766F1FDC1E1A7084000918B8 /* MovieManager.swift */ = {isa = PBXFileReference; fileEncoding = 4; lastKnownFileType = sourcecode.swift; path = MovieManager.swift; sourceTree = "<group>"; };
		76784B6D1DEE2BA4006E8E9D /* STTextField.swift */ = {isa = PBXFileReference; fileEncoding = 4; lastKnownFileType = sourcecode.swift; path = STTextField.swift; sourceTree = "<group>"; };
		76795CBC1ECB4FD700E5DB4E /* STSettingsTableViewController.swift */ = {isa = PBXFileReference; fileEncoding = 4; lastKnownFileType = sourcecode.swift; path = STSettingsTableViewController.swift; sourceTree = "<group>"; };
		76795CBE1ECB501B00E5DB4E /* STCalendarViewController.swift */ = {isa = PBXFileReference; fileEncoding = 4; lastKnownFileType = sourcecode.swift; path = STCalendarViewController.swift; sourceTree = "<group>"; };
		76A552B01E8AA4950057C9A0 /* SwiftyStarRatingView.swift */ = {isa = PBXFileReference; fileEncoding = 4; lastKnownFileType = sourcecode.swift; path = SwiftyStarRatingView.swift; sourceTree = "<group>"; };
		76ACC1D51E0289AC00E21D19 /* AuthManager.swift */ = {isa = PBXFileReference; fileEncoding = 4; lastKnownFileType = sourcecode.swift; path = AuthManager.swift; sourceTree = "<group>"; };
		76B767401DEAF56E0070E62F /* serieztv.app */ = {isa = PBXFileReference; explicitFileType = wrapper.application; includeInIndex = 0; path = serieztv.app; sourceTree = BUILT_PRODUCTS_DIR; };
		76B767431DEAF56E0070E62F /* STAppDelegate.swift */ = {isa = PBXFileReference; lastKnownFileType = sourcecode.swift; path = STAppDelegate.swift; sourceTree = "<group>"; };
		76B7674A1DEAF56E0070E62F /* Assets.xcassets */ = {isa = PBXFileReference; lastKnownFileType = folder.assetcatalog; path = Assets.xcassets; sourceTree = "<group>"; };
		76B7674D1DEAF56E0070E62F /* Base */ = {isa = PBXFileReference; lastKnownFileType = file.storyboard; name = Base; path = Base.lproj/LaunchScreen.storyboard; sourceTree = "<group>"; };
		76B7674F1DEAF56E0070E62F /* Info.plist */ = {isa = PBXFileReference; lastKnownFileType = text.plist.xml; path = Info.plist; sourceTree = "<group>"; };
		76B767541DEAF56E0070E62F /* serieztvTests.xctest */ = {isa = PBXFileReference; explicitFileType = wrapper.cfbundle; includeInIndex = 0; path = serieztvTests.xctest; sourceTree = BUILT_PRODUCTS_DIR; };
		76B767581DEAF56E0070E62F /* serieztvTests.swift */ = {isa = PBXFileReference; lastKnownFileType = sourcecode.swift; path = serieztvTests.swift; sourceTree = "<group>"; };
		76B7675A1DEAF56E0070E62F /* Info.plist */ = {isa = PBXFileReference; lastKnownFileType = text.plist.xml; path = Info.plist; sourceTree = "<group>"; };
		76B7675F1DEAF56E0070E62F /* serieztvUITests.xctest */ = {isa = PBXFileReference; explicitFileType = wrapper.cfbundle; includeInIndex = 0; path = serieztvUITests.xctest; sourceTree = BUILT_PRODUCTS_DIR; };
		76B767631DEAF56E0070E62F /* serieztvUITests.swift */ = {isa = PBXFileReference; lastKnownFileType = sourcecode.swift; path = serieztvUITests.swift; sourceTree = "<group>"; };
		76B767651DEAF56E0070E62F /* Info.plist */ = {isa = PBXFileReference; lastKnownFileType = text.plist.xml; path = Info.plist; sourceTree = "<group>"; };
		76B767741DEAFA6F0070E62F /* STLoginViewController.swift */ = {isa = PBXFileReference; fileEncoding = 4; lastKnownFileType = sourcecode.swift; path = STLoginViewController.swift; sourceTree = "<group>"; };
		76B767761DEAFA7C0070E62F /* STLoginView.swift */ = {isa = PBXFileReference; fileEncoding = 4; lastKnownFileType = sourcecode.swift; path = STLoginView.swift; sourceTree = "<group>"; };
		76B767781DEAFCD50070E62F /* STRegisterView.swift */ = {isa = PBXFileReference; fileEncoding = 4; lastKnownFileType = sourcecode.swift; path = STRegisterView.swift; sourceTree = "<group>"; };
		76B7677A1DEAFCF00070E62F /* STRegisterViewController.swift */ = {isa = PBXFileReference; fileEncoding = 4; lastKnownFileType = sourcecode.swift; path = STRegisterViewController.swift; sourceTree = "<group>"; };
		76C55BEC1E192C6D00EC0706 /* STStarDetailViewController.swift */ = {isa = PBXFileReference; fileEncoding = 4; lastKnownFileType = sourcecode.swift; path = STStarDetailViewController.swift; sourceTree = "<group>"; };
		76C55BEF1E19673D00EC0706 /* STStarDetailMediaCollectionViewCell.swift */ = {isa = PBXFileReference; fileEncoding = 4; lastKnownFileType = sourcecode.swift; path = STStarDetailMediaCollectionViewCell.swift; sourceTree = "<group>"; };
		76D37F2D1EBF426500D69288 /* FeedCollectionViewController.swift */ = {isa = PBXFileReference; fileEncoding = 4; lastKnownFileType = sourcecode.swift; path = FeedCollectionViewController.swift; sourceTree = "<group>"; };
		76D37F2F1EC2623C00D69288 /* STFollowDetailTableViewController.swift */ = {isa = PBXFileReference; fileEncoding = 4; lastKnownFileType = sourcecode.swift; path = STFollowDetailTableViewController.swift; sourceTree = "<group>"; };
		76DCD7E41E1C16EE004FE258 /* STSeasonView.swift */ = {isa = PBXFileReference; fileEncoding = 4; lastKnownFileType = sourcecode.swift; path = STSeasonView.swift; sourceTree = "<group>"; };
		76DCD7E61E1C189D004FE258 /* STSeasonViewController.swift */ = {isa = PBXFileReference; fileEncoding = 4; lastKnownFileType = sourcecode.swift; path = STSeasonViewController.swift; sourceTree = "<group>"; };
		76DCD7EA1E1C1F2F004FE258 /* STSeasonTableViewCell.swift */ = {isa = PBXFileReference; fileEncoding = 4; lastKnownFileType = sourcecode.swift; path = STSeasonTableViewCell.swift; sourceTree = "<group>"; };
		76DCD7EC1E1C2367004FE258 /* STEpisodesViewController.swift */ = {isa = PBXFileReference; fileEncoding = 4; lastKnownFileType = sourcecode.swift; path = STEpisodesViewController.swift; sourceTree = "<group>"; };
		76DCD7EE1E1C276E004FE258 /* STEpisodeTableViewCell.swift */ = {isa = PBXFileReference; fileEncoding = 4; lastKnownFileType = sourcecode.swift; path = STEpisodeTableViewCell.swift; sourceTree = "<group>"; };
		76DCD7F01E1C27BA004FE258 /* STEpisodesView.swift */ = {isa = PBXFileReference; fileEncoding = 4; lastKnownFileType = sourcecode.swift; path = STEpisodesView.swift; sourceTree = "<group>"; };
		76DCD7F21E1C2F9F004FE258 /* STGenreTableViewController.swift */ = {isa = PBXFileReference; fileEncoding = 4; lastKnownFileType = sourcecode.swift; path = STGenreTableViewController.swift; sourceTree = "<group>"; };
		909AE87FC9A7F35C9FE80BC5 /* Pods-serieztv.release.xcconfig */ = {isa = PBXFileReference; includeInIndex = 1; lastKnownFileType = text.xcconfig; name = "Pods-serieztv.release.xcconfig"; path = "Pods/Target Support Files/Pods-serieztv/Pods-serieztv.release.xcconfig"; sourceTree = "<group>"; };
		EA721A8A58AABA4EC000C2A7 /* Pods-serieztv.debug.xcconfig */ = {isa = PBXFileReference; includeInIndex = 1; lastKnownFileType = text.xcconfig; name = "Pods-serieztv.debug.xcconfig"; path = "Pods/Target Support Files/Pods-serieztv/Pods-serieztv.debug.xcconfig"; sourceTree = "<group>"; };
/* End PBXFileReference section */

/* Begin PBXFrameworksBuildPhase section */
		76B7673D1DEAF56E0070E62F /* Frameworks */ = {
			isa = PBXFrameworksBuildPhase;
			buildActionMask = 2147483647;
			files = (
				05EECA73F0B8CC8BC7AD583C /* Pods_serieztv.framework in Frameworks */,
			);
			runOnlyForDeploymentPostprocessing = 0;
		};
		76B767511DEAF56E0070E62F /* Frameworks */ = {
			isa = PBXFrameworksBuildPhase;
			buildActionMask = 2147483647;
			files = (
			);
			runOnlyForDeploymentPostprocessing = 0;
		};
		76B7675C1DEAF56E0070E62F /* Frameworks */ = {
			isa = PBXFrameworksBuildPhase;
			buildActionMask = 2147483647;
			files = (
			);
			runOnlyForDeploymentPostprocessing = 0;
		};
/* End PBXFrameworksBuildPhase section */

/* Begin PBXGroup section */
		760325C21DFDD3AE0015113D /* Models */ = {
			isa = PBXGroup;
			children = (
				760325C31DFDD3D20015113D /* User.swift */,
				760325C51DFDD3DB0015113D /* Movie.swift */,
				760325C71DFDD3E70015113D /* Series.swift */,
				760325C91DFDD3F50015113D /* Season.swift */,
				760325CB1DFDD4030015113D /* Episode.swift */,
				760325CD1DFDD4200015113D /* Crew.swift */,
				760325CF1DFDD4290015113D /* Star.swift */,
				760325D11DFDD4330015113D /* Character.swift */,
				760325D31DFDD44C0015113D /* Genre.swift */,
				760325D51DFDD4530015113D /* Comment.swift */,
				7600812D1E636D7F00BA6B77 /* Rating.swift */,
				7600812F1E636D9C00BA6B77 /* Userlist.swift */,
			);
			path = Models;
			sourceTree = "<group>";
		};
		760325D71DFE01150015113D /* Classes */ = {
			isa = PBXGroup;
			children = (
				760325C01DFD7B460015113D /* STMainViewController.swift */,
				76B7677A1DEAFCF00070E62F /* STRegisterViewController.swift */,
				76B767741DEAFA6F0070E62F /* STLoginViewController.swift */,
				7659CB8D1E005628005D70EC /* STHomeCollectionViewController.swift */,
				762E923A1E12C8B700916ADB /* STDetailViewController.swift */,
				76C55BEC1E192C6D00EC0706 /* STStarDetailViewController.swift */,
				764BDEFF1E1402CA0095B4F4 /* STHomeTabBarViewController.swift */,
				764BDF011E1409580095B4F4 /* STProfileViewController.swift */,
				7625FAC81E17B520000FEFCC /* STSearchViewController.swift */,
				7625FAD01E182BBB000FEFCC /* STAboutViewController.swift */,
				7625FAD21E182F5C000FEFCC /* STChangePasswordViewController.swift */,
				7625FAD41E187824000FEFCC /* STCrewListTableViewController.swift */,
				7625FAD61E187854000FEFCC /* STCrewCategoryDetailTableViewController.swift */,
				76DCD7E61E1C189D004FE258 /* STSeasonViewController.swift */,
				76DCD7EC1E1C2367004FE258 /* STEpisodesViewController.swift */,
				76DCD7F21E1C2F9F004FE258 /* STGenreTableViewController.swift */,
				760081311E647E4300BA6B77 /* STWatchlistTableViewController.swift */,
				765ED3661E815968004101A7 /* STWatchlistDetailTableViewController.swift */,
				76D37F2D1EBF426500D69288 /* FeedCollectionViewController.swift */,
				76D37F2F1EC2623C00D69288 /* STFollowDetailTableViewController.swift */,
				76795CBC1ECB4FD700E5DB4E /* STSettingsTableViewController.swift */,
				76795CBE1ECB501B00E5DB4E /* STCalendarViewController.swift */,
			);
			path = Classes;
			sourceTree = "<group>";
		};
		76ACC1D41E02776000E21D19 /* Managers */ = {
			isa = PBXGroup;
			children = (
				76ACC1D51E0289AC00E21D19 /* AuthManager.swift */,
				766F1FDC1E1A7084000918B8 /* MovieManager.swift */,
				7614FBD21E1A976200800744 /* SeriesManager.swift */,
				17697C861E1C1C8600B128EB /* StarManager.swift */,
				17697C881E1C1CAC00B128EB /* GenreManager.swift */,
				17697C8A1E1C2E9E00B128EB /* SearchManager.swift */,
				760081291E5F48EC00BA6B77 /* ListManager.swift */,
				7600812B1E5F48FB00BA6B77 /* RatingManager.swift */,
			);
			path = Managers;
			sourceTree = "<group>";
		};
		76B767371DEAF56E0070E62F = {
			isa = PBXGroup;
			children = (
				76B767421DEAF56E0070E62F /* serieztv */,
				76B767571DEAF56E0070E62F /* serieztvTests */,
				76B767621DEAF56E0070E62F /* serieztvUITests */,
				76B767411DEAF56E0070E62F /* Products */,
				C5F20BCC4541AE7CC3EE683B /* Pods */,
				8FBD28186AD8B1ECE66C389C /* Frameworks */,
			);
			sourceTree = "<group>";
		};
		76B767411DEAF56E0070E62F /* Products */ = {
			isa = PBXGroup;
			children = (
				76B767401DEAF56E0070E62F /* serieztv.app */,
				76B767541DEAF56E0070E62F /* serieztvTests.xctest */,
				76B7675F1DEAF56E0070E62F /* serieztvUITests.xctest */,
			);
			name = Products;
			sourceTree = "<group>";
		};
		76B767421DEAF56E0070E62F /* serieztv */ = {
			isa = PBXGroup;
			children = (
				76ACC1D41E02776000E21D19 /* Managers */,
				760325C21DFDD3AE0015113D /* Models */,
				76B767711DEAF96F0070E62F /* Views */,
				760325D71DFE01150015113D /* Classes */,
				76B767431DEAF56E0070E62F /* STAppDelegate.swift */,
				76B7674A1DEAF56E0070E62F /* Assets.xcassets */,
				76B7674C1DEAF56E0070E62F /* LaunchScreen.storyboard */,
				76B7674F1DEAF56E0070E62F /* Info.plist */,
			);
			path = serieztv;
			sourceTree = "<group>";
		};
		76B767571DEAF56E0070E62F /* serieztvTests */ = {
			isa = PBXGroup;
			children = (
				76B767581DEAF56E0070E62F /* serieztvTests.swift */,
				76B7675A1DEAF56E0070E62F /* Info.plist */,
			);
			path = serieztvTests;
			sourceTree = "<group>";
		};
		76B767621DEAF56E0070E62F /* serieztvUITests */ = {
			isa = PBXGroup;
			children = (
				76B767631DEAF56E0070E62F /* serieztvUITests.swift */,
				76B767651DEAF56E0070E62F /* Info.plist */,
			);
			path = serieztvUITests;
			sourceTree = "<group>";
		};
		76B767711DEAF96F0070E62F /* Views */ = {
			isa = PBXGroup;
			children = (
				76B767761DEAFA7C0070E62F /* STLoginView.swift */,
				76A552B01E8AA4950057C9A0 /* SwiftyStarRatingView.swift */,
				76B767781DEAFCD50070E62F /* STRegisterView.swift */,
				76784B6D1DEE2BA4006E8E9D /* STTextField.swift */,
				760325BE1DFD7B300015113D /* STMainView.swift */,
				7659CB8F1E00564E005D70EC /* STHomeCollectionViewCell.swift */,
				762E92361E12B34500916ADB /* STHomeDetailCell.swift */,
				762E923C1E12F43400916ADB /* STStarDetailTopViewCell.swift */,
				7625FAD81E187884000FEFCC /* STCrewDetailView.swift */,
				764BDF031E1410C80095B4F4 /* STProfileView.swift */,
				760CE9C61E15A86500E7A2DC /* STGenreCollectionViewCell.swift */,
				761F073A1E168BA100862BAC /* STStarCollectionViewCell.swift */,
				760CE9C81E15CC8200E7A2DC /* STProfileTableViewCell.swift */,
				761F07361E165EF700862BAC /* STDetailInformationCollectionViewCell.swift */,
				761F07381E165F1000862BAC /* STDetailCastCollectionViewCell.swift */,
				7625FAC61E17A7C9000FEFCC /* STTopDetailCollectionViewCell.swift */,
				7625FACA1E17E52E000FEFCC /* STSearchResultTableViewCell.swift */,
				7625FACC1E1822CE000FEFCC /* STAboutView.swift */,
				7625FACE1E1822E8000FEFCC /* STChangePasswordView.swift */,
				76C55BEF1E19673D00EC0706 /* STStarDetailMediaCollectionViewCell.swift */,
				76DCD7E41E1C16EE004FE258 /* STSeasonView.swift */,
				76DCD7EA1E1C1F2F004FE258 /* STSeasonTableViewCell.swift */,
				76DCD7EE1E1C276E004FE258 /* STEpisodeTableViewCell.swift */,
				76DCD7F01E1C27BA004FE258 /* STEpisodesView.swift */,
				760081331E64914800BA6B77 /* STWatchlistTableViewCell.swift */,
				760081351E64BCBB00BA6B77 /* STAddListView.swift */,
				7661EC5A1ED4CBFC00563EFF /* CalendarCell.swift */,
				760767CC1ED6062D0002123A /* STCalendarView.swift */,
			);
			path = Views;
			sourceTree = "<group>";
		};
		8FBD28186AD8B1ECE66C389C /* Frameworks */ = {
			isa = PBXGroup;
			children = (
				66F01FC6BD41EFEC9AB72116 /* Pods_serieztv.framework */,
			);
			name = Frameworks;
			sourceTree = "<group>";
		};
		C5F20BCC4541AE7CC3EE683B /* Pods */ = {
			isa = PBXGroup;
			children = (
				EA721A8A58AABA4EC000C2A7 /* Pods-serieztv.debug.xcconfig */,
				909AE87FC9A7F35C9FE80BC5 /* Pods-serieztv.release.xcconfig */,
			);
			name = Pods;
			sourceTree = "<group>";
		};
/* End PBXGroup section */

/* Begin PBXNativeTarget section */
		76B7673F1DEAF56E0070E62F /* serieztv */ = {
			isa = PBXNativeTarget;
			buildConfigurationList = 76B767681DEAF56E0070E62F /* Build configuration list for PBXNativeTarget "serieztv" */;
			buildPhases = (
				0FBBB6F0CFF770B852C302FC /* [CP] Check Pods Manifest.lock */,
				76B7673C1DEAF56E0070E62F /* Sources */,
				76B7673D1DEAF56E0070E62F /* Frameworks */,
				76B7673E1DEAF56E0070E62F /* Resources */,
				AB31178D2656E70B776D0576 /* [CP] Embed Pods Frameworks */,
				D0620A540ADE8A65B50FC301 /* [CP] Copy Pods Resources */,
			);
			buildRules = (
			);
			dependencies = (
			);
			name = serieztv;
			productName = serieztv;
			productReference = 76B767401DEAF56E0070E62F /* serieztv.app */;
			productType = "com.apple.product-type.application";
		};
		76B767531DEAF56E0070E62F /* serieztvTests */ = {
			isa = PBXNativeTarget;
			buildConfigurationList = 76B7676B1DEAF56E0070E62F /* Build configuration list for PBXNativeTarget "serieztvTests" */;
			buildPhases = (
				76B767501DEAF56E0070E62F /* Sources */,
				76B767511DEAF56E0070E62F /* Frameworks */,
				76B767521DEAF56E0070E62F /* Resources */,
			);
			buildRules = (
			);
			dependencies = (
				76B767561DEAF56E0070E62F /* PBXTargetDependency */,
			);
			name = serieztvTests;
			productName = serieztvTests;
			productReference = 76B767541DEAF56E0070E62F /* serieztvTests.xctest */;
			productType = "com.apple.product-type.bundle.unit-test";
		};
		76B7675E1DEAF56E0070E62F /* serieztvUITests */ = {
			isa = PBXNativeTarget;
			buildConfigurationList = 76B7676E1DEAF56E0070E62F /* Build configuration list for PBXNativeTarget "serieztvUITests" */;
			buildPhases = (
				76B7675B1DEAF56E0070E62F /* Sources */,
				76B7675C1DEAF56E0070E62F /* Frameworks */,
				76B7675D1DEAF56E0070E62F /* Resources */,
			);
			buildRules = (
			);
			dependencies = (
				76B767611DEAF56E0070E62F /* PBXTargetDependency */,
			);
			name = serieztvUITests;
			productName = serieztvUITests;
			productReference = 76B7675F1DEAF56E0070E62F /* serieztvUITests.xctest */;
			productType = "com.apple.product-type.bundle.ui-testing";
		};
/* End PBXNativeTarget section */

/* Begin PBXProject section */
		76B767381DEAF56E0070E62F /* Project object */ = {
			isa = PBXProject;
			attributes = {
				LastSwiftUpdateCheck = 0810;
				LastUpgradeCheck = 0810;
				ORGANIZATIONNAME = serieztv;
				TargetAttributes = {
					76B7673F1DEAF56E0070E62F = {
						CreatedOnToolsVersion = 8.1;
						DevelopmentTeam = 4Y6RWHYM34;
						ProvisioningStyle = Automatic;
					};
					76B767531DEAF56E0070E62F = {
						CreatedOnToolsVersion = 8.1;
						ProvisioningStyle = Automatic;
						TestTargetID = 76B7673F1DEAF56E0070E62F;
					};
					76B7675E1DEAF56E0070E62F = {
						CreatedOnToolsVersion = 8.1;
						ProvisioningStyle = Automatic;
						TestTargetID = 76B7673F1DEAF56E0070E62F;
					};
				};
			};
			buildConfigurationList = 76B7673B1DEAF56E0070E62F /* Build configuration list for PBXProject "serieztv" */;
			compatibilityVersion = "Xcode 3.2";
			developmentRegion = English;
			hasScannedForEncodings = 0;
			knownRegions = (
				en,
				Base,
			);
			mainGroup = 76B767371DEAF56E0070E62F;
			productRefGroup = 76B767411DEAF56E0070E62F /* Products */;
			projectDirPath = "";
			projectRoot = "";
			targets = (
				76B7673F1DEAF56E0070E62F /* serieztv */,
				76B767531DEAF56E0070E62F /* serieztvTests */,
				76B7675E1DEAF56E0070E62F /* serieztvUITests */,
			);
		};
/* End PBXProject section */

/* Begin PBXResourcesBuildPhase section */
		76B7673E1DEAF56E0070E62F /* Resources */ = {
			isa = PBXResourcesBuildPhase;
			buildActionMask = 2147483647;
			files = (
				76B7674E1DEAF56E0070E62F /* LaunchScreen.storyboard in Resources */,
				76B7674B1DEAF56E0070E62F /* Assets.xcassets in Resources */,
			);
			runOnlyForDeploymentPostprocessing = 0;
		};
		76B767521DEAF56E0070E62F /* Resources */ = {
			isa = PBXResourcesBuildPhase;
			buildActionMask = 2147483647;
			files = (
			);
			runOnlyForDeploymentPostprocessing = 0;
		};
		76B7675D1DEAF56E0070E62F /* Resources */ = {
			isa = PBXResourcesBuildPhase;
			buildActionMask = 2147483647;
			files = (
			);
			runOnlyForDeploymentPostprocessing = 0;
		};
/* End PBXResourcesBuildPhase section */

/* Begin PBXShellScriptBuildPhase section */
		0FBBB6F0CFF770B852C302FC /* [CP] Check Pods Manifest.lock */ = {
			isa = PBXShellScriptBuildPhase;
			buildActionMask = 2147483647;
			files = (
			);
			inputPaths = (
			);
			name = "[CP] Check Pods Manifest.lock";
			outputPaths = (
			);
			runOnlyForDeploymentPostprocessing = 0;
			shellPath = /bin/sh;
			shellScript = "diff \"${PODS_ROOT}/../Podfile.lock\" \"${PODS_ROOT}/Manifest.lock\" > /dev/null\nif [ $? != 0 ] ; then\n    # print error to STDERR\n    echo \"error: The sandbox is not in sync with the Podfile.lock. Run 'pod install' or update your CocoaPods installation.\" >&2\n    exit 1\nfi\n";
			showEnvVarsInLog = 0;
		};
		AB31178D2656E70B776D0576 /* [CP] Embed Pods Frameworks */ = {
			isa = PBXShellScriptBuildPhase;
			buildActionMask = 2147483647;
			files = (
			);
			inputPaths = (
			);
			name = "[CP] Embed Pods Frameworks";
			outputPaths = (
			);
			runOnlyForDeploymentPostprocessing = 0;
			shellPath = /bin/sh;
			shellScript = "\"${SRCROOT}/Pods/Target Support Files/Pods-serieztv/Pods-serieztv-frameworks.sh\"\n";
			showEnvVarsInLog = 0;
		};
		D0620A540ADE8A65B50FC301 /* [CP] Copy Pods Resources */ = {
			isa = PBXShellScriptBuildPhase;
			buildActionMask = 2147483647;
			files = (
			);
			inputPaths = (
			);
			name = "[CP] Copy Pods Resources";
			outputPaths = (
			);
			runOnlyForDeploymentPostprocessing = 0;
			shellPath = /bin/sh;
			shellScript = "\"${SRCROOT}/Pods/Target Support Files/Pods-serieztv/Pods-serieztv-resources.sh\"\n";
			showEnvVarsInLog = 0;
		};
/* End PBXShellScriptBuildPhase section */

/* Begin PBXSourcesBuildPhase section */
		76B7673C1DEAF56E0070E62F /* Sources */ = {
			isa = PBXSourcesBuildPhase;
			buildActionMask = 2147483647;
			files = (
				760325C11DFD7B460015113D /* STMainViewController.swift in Sources */,
				7625FAC91E17B520000FEFCC /* STSearchViewController.swift in Sources */,
				76ACC1D61E0289AC00E21D19 /* AuthManager.swift in Sources */,
				76B767771DEAFA7C0070E62F /* STLoginView.swift in Sources */,
				76DCD7EF1E1C276E004FE258 /* STEpisodeTableViewCell.swift in Sources */,
				762E923D1E12F43400916ADB /* STStarDetailTopViewCell.swift in Sources */,
				760CE9C71E15A86500E7A2DC /* STGenreCollectionViewCell.swift in Sources */,
				17697C8B1E1C2E9E00B128EB /* SearchManager.swift in Sources */,
				76DCD7E71E1C189D004FE258 /* STSeasonViewController.swift in Sources */,
				761F073B1E168BA100862BAC /* STStarCollectionViewCell.swift in Sources */,
				766F1FDD1E1A7084000918B8 /* MovieManager.swift in Sources */,
				76795CBF1ECB501B00E5DB4E /* STCalendarViewController.swift in Sources */,
				760325BF1DFD7B300015113D /* STMainView.swift in Sources */,
				17697C891E1C1CAC00B128EB /* GenreManager.swift in Sources */,
				7600812A1E5F48EC00BA6B77 /* ListManager.swift in Sources */,
				760081321E647E4300BA6B77 /* STWatchlistTableViewController.swift in Sources */,
				7600812C1E5F48FB00BA6B77 /* RatingManager.swift in Sources */,
				76D37F2E1EBF426500D69288 /* FeedCollectionViewController.swift in Sources */,
				76795CBD1ECB4FD700E5DB4E /* STSettingsTableViewController.swift in Sources */,
				760325D01DFDD4290015113D /* Star.swift in Sources */,
				76C55BED1E192C6D00EC0706 /* STStarDetailViewController.swift in Sources */,
				76B7677B1DEAFCF00070E62F /* STRegisterViewController.swift in Sources */,
				761F07371E165EF700862BAC /* STDetailInformationCollectionViewCell.swift in Sources */,
				760325CA1DFDD3F50015113D /* Season.swift in Sources */,
				760325C61DFDD3DB0015113D /* Movie.swift in Sources */,
				17697C871E1C1C8600B128EB /* StarManager.swift in Sources */,
				76DCD7F31E1C2F9F004FE258 /* STGenreTableViewController.swift in Sources */,
				760325D61DFDD4530015113D /* Comment.swift in Sources */,
				765ED3671E815968004101A7 /* STWatchlistDetailTableViewController.swift in Sources */,
				7661EC5B1ED4CBFC00563EFF /* CalendarCell.swift in Sources */,
				7614FBD31E1A976200800744 /* SeriesManager.swift in Sources */,
				7625FACF1E1822E8000FEFCC /* STChangePasswordView.swift in Sources */,
				76DCD7E51E1C16EE004FE258 /* STSeasonView.swift in Sources */,
				760325D21DFDD4330015113D /* Character.swift in Sources */,
				7659CB8E1E005628005D70EC /* STHomeCollectionViewController.swift in Sources */,
				760081341E64914800BA6B77 /* STWatchlistTableViewCell.swift in Sources */,
				760767CD1ED6062D0002123A /* STCalendarView.swift in Sources */,
				76B767441DEAF56E0070E62F /* STAppDelegate.swift in Sources */,
				762E92371E12B34500916ADB /* STHomeDetailCell.swift in Sources */,
				760325CC1DFDD4030015113D /* Episode.swift in Sources */,
				764BDF021E1409580095B4F4 /* STProfileViewController.swift in Sources */,
				7625FAD11E182BBB000FEFCC /* STAboutViewController.swift in Sources */,
				7625FACD1E1822CE000FEFCC /* STAboutView.swift in Sources */,
				760325D41DFDD44C0015113D /* Genre.swift in Sources */,
				760081361E64BCBB00BA6B77 /* STAddListView.swift in Sources */,
				7625FACB1E17E52E000FEFCC /* STSearchResultTableViewCell.swift in Sources */,
				76DCD7F11E1C27BA004FE258 /* STEpisodesView.swift in Sources */,
				764BDF041E1410C80095B4F4 /* STProfileView.swift in Sources */,
				76A552B11E8AA4950057C9A0 /* SwiftyStarRatingView.swift in Sources */,
				76DCD7ED1E1C2367004FE258 /* STEpisodesViewController.swift in Sources */,
				760325C41DFDD3D20015113D /* User.swift in Sources */,
				7625FAC71E17A7C9000FEFCC /* STTopDetailCollectionViewCell.swift in Sources */,
				762E923B1E12C8B700916ADB /* STDetailViewController.swift in Sources */,
				76B767791DEAFCD50070E62F /* STRegisterView.swift in Sources */,
				76C55BF01E19673D00EC0706 /* STStarDetailMediaCollectionViewCell.swift in Sources */,
				7625FAD31E182F5C000FEFCC /* STChangePasswordViewController.swift in Sources */,
				764BDF001E1402CA0095B4F4 /* STHomeTabBarViewController.swift in Sources */,
				7659CB901E00564E005D70EC /* STHomeCollectionViewCell.swift in Sources */,
				760081301E636D9C00BA6B77 /* Userlist.swift in Sources */,
				7625FAD51E187824000FEFCC /* STCrewListTableViewController.swift in Sources */,
				760325CE1DFDD4200015113D /* Crew.swift in Sources */,
				7625FAD91E187884000FEFCC /* STCrewDetailView.swift in Sources */,
				761F07391E165F1000862BAC /* STDetailCastCollectionViewCell.swift in Sources */,
				760CE9C91E15CC8200E7A2DC /* STProfileTableViewCell.swift in Sources */,
				760325C81DFDD3E70015113D /* Series.swift in Sources */,
				7600812E1E636D7F00BA6B77 /* Rating.swift in Sources */,
				76784B6E1DEE2BA4006E8E9D /* STTextField.swift in Sources */,
				76D37F301EC2623C00D69288 /* STFollowDetailTableViewController.swift in Sources */,
				76DCD7EB1E1C1F2F004FE258 /* STSeasonTableViewCell.swift in Sources */,
				7625FAD71E187854000FEFCC /* STCrewCategoryDetailTableViewController.swift in Sources */,
				76B767751DEAFA6F0070E62F /* STLoginViewController.swift in Sources */,
			);
			runOnlyForDeploymentPostprocessing = 0;
		};
		76B767501DEAF56E0070E62F /* Sources */ = {
			isa = PBXSourcesBuildPhase;
			buildActionMask = 2147483647;
			files = (
				76B767591DEAF56E0070E62F /* serieztvTests.swift in Sources */,
			);
			runOnlyForDeploymentPostprocessing = 0;
		};
		76B7675B1DEAF56E0070E62F /* Sources */ = {
			isa = PBXSourcesBuildPhase;
			buildActionMask = 2147483647;
			files = (
				76B767641DEAF56E0070E62F /* serieztvUITests.swift in Sources */,
			);
			runOnlyForDeploymentPostprocessing = 0;
		};
/* End PBXSourcesBuildPhase section */

/* Begin PBXTargetDependency section */
		76B767561DEAF56E0070E62F /* PBXTargetDependency */ = {
			isa = PBXTargetDependency;
			target = 76B7673F1DEAF56E0070E62F /* serieztv */;
			targetProxy = 76B767551DEAF56E0070E62F /* PBXContainerItemProxy */;
		};
		76B767611DEAF56E0070E62F /* PBXTargetDependency */ = {
			isa = PBXTargetDependency;
			target = 76B7673F1DEAF56E0070E62F /* serieztv */;
			targetProxy = 76B767601DEAF56E0070E62F /* PBXContainerItemProxy */;
		};
/* End PBXTargetDependency section */

/* Begin PBXVariantGroup section */
		76B7674C1DEAF56E0070E62F /* LaunchScreen.storyboard */ = {
			isa = PBXVariantGroup;
			children = (
				76B7674D1DEAF56E0070E62F /* Base */,
			);
			name = LaunchScreen.storyboard;
			sourceTree = "<group>";
		};
/* End PBXVariantGroup section */

/* Begin XCBuildConfiguration section */
		76B767661DEAF56E0070E62F /* Debug */ = {
			isa = XCBuildConfiguration;
			buildSettings = {
				ALWAYS_SEARCH_USER_PATHS = NO;
				CLANG_ANALYZER_NONNULL = YES;
				CLANG_CXX_LANGUAGE_STANDARD = "gnu++0x";
				CLANG_CXX_LIBRARY = "libc++";
				CLANG_ENABLE_MODULES = YES;
				CLANG_ENABLE_OBJC_ARC = YES;
				CLANG_WARN_BOOL_CONVERSION = YES;
				CLANG_WARN_CONSTANT_CONVERSION = YES;
				CLANG_WARN_DIRECT_OBJC_ISA_USAGE = YES_ERROR;
				CLANG_WARN_DOCUMENTATION_COMMENTS = YES;
				CLANG_WARN_EMPTY_BODY = YES;
				CLANG_WARN_ENUM_CONVERSION = YES;
				CLANG_WARN_INFINITE_RECURSION = YES;
				CLANG_WARN_INT_CONVERSION = YES;
				CLANG_WARN_OBJC_ROOT_CLASS = YES_ERROR;
				CLANG_WARN_SUSPICIOUS_MOVES = YES;
				CLANG_WARN_UNREACHABLE_CODE = YES;
				CLANG_WARN__DUPLICATE_METHOD_MATCH = YES;
				CODE_SIGN_IDENTITY = "iPhone Developer";
				"CODE_SIGN_IDENTITY[sdk=iphoneos*]" = "iPhone Developer";
				COPY_PHASE_STRIP = NO;
				DEBUG_INFORMATION_FORMAT = dwarf;
				ENABLE_STRICT_OBJC_MSGSEND = YES;
				ENABLE_TESTABILITY = YES;
				GCC_C_LANGUAGE_STANDARD = gnu99;
				GCC_DYNAMIC_NO_PIC = NO;
				GCC_NO_COMMON_BLOCKS = YES;
				GCC_OPTIMIZATION_LEVEL = 0;
				GCC_PREPROCESSOR_DEFINITIONS = (
					"DEBUG=1",
					"$(inherited)",
				);
				GCC_WARN_64_TO_32_BIT_CONVERSION = YES;
				GCC_WARN_ABOUT_RETURN_TYPE = YES_ERROR;
				GCC_WARN_UNDECLARED_SELECTOR = YES;
				GCC_WARN_UNINITIALIZED_AUTOS = YES_AGGRESSIVE;
				GCC_WARN_UNUSED_FUNCTION = YES;
				GCC_WARN_UNUSED_VARIABLE = YES;
				IPHONEOS_DEPLOYMENT_TARGET = 10.1;
				MTL_ENABLE_DEBUG_INFO = YES;
				ONLY_ACTIVE_ARCH = YES;
				SDKROOT = iphoneos;
				SWIFT_ACTIVE_COMPILATION_CONDITIONS = DEBUG;
				SWIFT_OPTIMIZATION_LEVEL = "-Onone";
			};
			name = Debug;
		};
		76B767671DEAF56E0070E62F /* Release */ = {
			isa = XCBuildConfiguration;
			buildSettings = {
				ALWAYS_SEARCH_USER_PATHS = NO;
				CLANG_ANALYZER_NONNULL = YES;
				CLANG_CXX_LANGUAGE_STANDARD = "gnu++0x";
				CLANG_CXX_LIBRARY = "libc++";
				CLANG_ENABLE_MODULES = YES;
				CLANG_ENABLE_OBJC_ARC = YES;
				CLANG_WARN_BOOL_CONVERSION = YES;
				CLANG_WARN_CONSTANT_CONVERSION = YES;
				CLANG_WARN_DIRECT_OBJC_ISA_USAGE = YES_ERROR;
				CLANG_WARN_DOCUMENTATION_COMMENTS = YES;
				CLANG_WARN_EMPTY_BODY = YES;
				CLANG_WARN_ENUM_CONVERSION = YES;
				CLANG_WARN_INFINITE_RECURSION = YES;
				CLANG_WARN_INT_CONVERSION = YES;
				CLANG_WARN_OBJC_ROOT_CLASS = YES_ERROR;
				CLANG_WARN_SUSPICIOUS_MOVES = YES;
				CLANG_WARN_UNREACHABLE_CODE = YES;
				CLANG_WARN__DUPLICATE_METHOD_MATCH = YES;
				CODE_SIGN_IDENTITY = "iPhone Developer";
				"CODE_SIGN_IDENTITY[sdk=iphoneos*]" = "iPhone Developer";
				COPY_PHASE_STRIP = NO;
				DEBUG_INFORMATION_FORMAT = "dwarf-with-dsym";
				ENABLE_NS_ASSERTIONS = NO;
				ENABLE_STRICT_OBJC_MSGSEND = YES;
				GCC_C_LANGUAGE_STANDARD = gnu99;
				GCC_NO_COMMON_BLOCKS = YES;
				GCC_WARN_64_TO_32_BIT_CONVERSION = YES;
				GCC_WARN_ABOUT_RETURN_TYPE = YES_ERROR;
				GCC_WARN_UNDECLARED_SELECTOR = YES;
				GCC_WARN_UNINITIALIZED_AUTOS = YES_AGGRESSIVE;
				GCC_WARN_UNUSED_FUNCTION = YES;
				GCC_WARN_UNUSED_VARIABLE = YES;
				IPHONEOS_DEPLOYMENT_TARGET = 10.1;
				MTL_ENABLE_DEBUG_INFO = NO;
				SDKROOT = iphoneos;
				SWIFT_OPTIMIZATION_LEVEL = "-Owholemodule";
				VALIDATE_PRODUCT = YES;
			};
			name = Release;
		};
		76B767691DEAF56E0070E62F /* Debug */ = {
			isa = XCBuildConfiguration;
			baseConfigurationReference = EA721A8A58AABA4EC000C2A7 /* Pods-serieztv.debug.xcconfig */;
			buildSettings = {
				ASSETCATALOG_COMPILER_APPICON_NAME = AppIcon;
				"CODE_SIGN_IDENTITY[sdk=iphoneos*]" = "iPhone Developer";
				DEVELOPMENT_TEAM = 4Y6RWHYM34;
				INFOPLIST_FILE = serieztv/Info.plist;
				IPHONEOS_DEPLOYMENT_TARGET = 10.1;
				LD_RUNPATH_SEARCH_PATHS = "$(inherited) @executable_path/Frameworks";
				PRODUCT_BUNDLE_IDENTIFIER = com.serieztv.serieztv;
				PRODUCT_NAME = "$(TARGET_NAME)";
				SWIFT_VERSION = 3.0;
			};
			name = Debug;
		};
		76B7676A1DEAF56E0070E62F /* Release */ = {
			isa = XCBuildConfiguration;
			baseConfigurationReference = 909AE87FC9A7F35C9FE80BC5 /* Pods-serieztv.release.xcconfig */;
			buildSettings = {
				ASSETCATALOG_COMPILER_APPICON_NAME = AppIcon;
				"CODE_SIGN_IDENTITY[sdk=iphoneos*]" = "iPhone Developer";
				DEVELOPMENT_TEAM = 4Y6RWHYM34;
				INFOPLIST_FILE = serieztv/Info.plist;
				IPHONEOS_DEPLOYMENT_TARGET = 10.1;
				LD_RUNPATH_SEARCH_PATHS = "$(inherited) @executable_path/Frameworks";
				PRODUCT_BUNDLE_IDENTIFIER = com.serieztv.serieztv;
				PRODUCT_NAME = "$(TARGET_NAME)";
				SWIFT_VERSION = 3.0;
			};
			name = Release;
		};
		76B7676C1DEAF56E0070E62F /* Debug */ = {
			isa = XCBuildConfiguration;
			buildSettings = {
				ALWAYS_EMBED_SWIFT_STANDARD_LIBRARIES = YES;
				BUNDLE_LOADER = "$(TEST_HOST)";
				INFOPLIST_FILE = serieztvTests/Info.plist;
				LD_RUNPATH_SEARCH_PATHS = "$(inherited) @executable_path/Frameworks @loader_path/Frameworks";
				PRODUCT_BUNDLE_IDENTIFIER = com.serieztv.serieztvTests;
				PRODUCT_NAME = "$(TARGET_NAME)";
				SWIFT_VERSION = 3.0;
				TEST_HOST = "$(BUILT_PRODUCTS_DIR)/serieztv.app/serieztv";
			};
			name = Debug;
		};
		76B7676D1DEAF56E0070E62F /* Release */ = {
			isa = XCBuildConfiguration;
			buildSettings = {
				ALWAYS_EMBED_SWIFT_STANDARD_LIBRARIES = YES;
				BUNDLE_LOADER = "$(TEST_HOST)";
				INFOPLIST_FILE = serieztvTests/Info.plist;
				LD_RUNPATH_SEARCH_PATHS = "$(inherited) @executable_path/Frameworks @loader_path/Frameworks";
				PRODUCT_BUNDLE_IDENTIFIER = com.serieztv.serieztvTests;
				PRODUCT_NAME = "$(TARGET_NAME)";
				SWIFT_VERSION = 3.0;
				TEST_HOST = "$(BUILT_PRODUCTS_DIR)/serieztv.app/serieztv";
			};
			name = Release;
		};
		76B7676F1DEAF56E0070E62F /* Debug */ = {
			isa = XCBuildConfiguration;
			buildSettings = {
				ALWAYS_EMBED_SWIFT_STANDARD_LIBRARIES = YES;
				INFOPLIST_FILE = serieztvUITests/Info.plist;
				LD_RUNPATH_SEARCH_PATHS = "$(inherited) @executable_path/Frameworks @loader_path/Frameworks";
				PRODUCT_BUNDLE_IDENTIFIER = com.serieztv.serieztvUITests;
				PRODUCT_NAME = "$(TARGET_NAME)";
				SWIFT_VERSION = 3.0;
				TEST_TARGET_NAME = serieztv;
			};
			name = Debug;
		};
		76B767701DEAF56E0070E62F /* Release */ = {
			isa = XCBuildConfiguration;
			buildSettings = {
				ALWAYS_EMBED_SWIFT_STANDARD_LIBRARIES = YES;
				INFOPLIST_FILE = serieztvUITests/Info.plist;
				LD_RUNPATH_SEARCH_PATHS = "$(inherited) @executable_path/Frameworks @loader_path/Frameworks";
				PRODUCT_BUNDLE_IDENTIFIER = com.serieztv.serieztvUITests;
				PRODUCT_NAME = "$(TARGET_NAME)";
				SWIFT_VERSION = 3.0;
				TEST_TARGET_NAME = serieztv;
			};
			name = Release;
		};
/* End XCBuildConfiguration section */

/* Begin XCConfigurationList section */
		76B7673B1DEAF56E0070E62F /* Build configuration list for PBXProject "serieztv" */ = {
			isa = XCConfigurationList;
			buildConfigurations = (
				76B767661DEAF56E0070E62F /* Debug */,
				76B767671DEAF56E0070E62F /* Release */,
			);
			defaultConfigurationIsVisible = 0;
			defaultConfigurationName = Release;
		};
		76B767681DEAF56E0070E62F /* Build configuration list for PBXNativeTarget "serieztv" */ = {
			isa = XCConfigurationList;
			buildConfigurations = (
				76B767691DEAF56E0070E62F /* Debug */,
				76B7676A1DEAF56E0070E62F /* Release */,
			);
			defaultConfigurationIsVisible = 0;
			defaultConfigurationName = Release;
		};
		76B7676B1DEAF56E0070E62F /* Build configuration list for PBXNativeTarget "serieztvTests" */ = {
			isa = XCConfigurationList;
			buildConfigurations = (
				76B7676C1DEAF56E0070E62F /* Debug */,
				76B7676D1DEAF56E0070E62F /* Release */,
			);
			defaultConfigurationIsVisible = 0;
			defaultConfigurationName = Release;
		};
		76B7676E1DEAF56E0070E62F /* Build configuration list for PBXNativeTarget "serieztvUITests" */ = {
			isa = XCConfigurationList;
			buildConfigurations = (
				76B7676F1DEAF56E0070E62F /* Debug */,
				76B767701DEAF56E0070E62F /* Release */,
			);
			defaultConfigurationIsVisible = 0;
			defaultConfigurationName = Release;
		};
/* End XCConfigurationList section */
	};
	rootObject = 76B767381DEAF56E0070E62F /* Project object */;
}
